
Microsoft Visual Studio Solution File, Format Version 12.00
# Visual Studio Version 16
VisualStudioVersion = 16.0.32602.291
MinimumVisualStudioVersion = 10.0.40219.1
Project("{FAE04EC0-301F-11D3-BF4B-00C04F79EFBC}") = "RevitAPI_lesson440_holes", "RevitAPI_lesson440_holes\RevitAPI_lesson440_holes.csproj", "{CCA8706E-A9A8-4446-84C3-01F95B04AFAE}"
EndProject
Global
	GlobalSection(SolutionConfigurationPlatforms) = preSolution
		Debug|Any CPU = Debug|Any CPU
		Release|Any CPU = Release|Any CPU
	EndGlobalSection
	GlobalSection(ProjectConfigurationPlatforms) = postSolution
		{CCA8706E-A9A8-4446-84C3-01F95B04AFAE}.Debug|Any CPU.ActiveCfg = Debug|Any CPU
		{CCA8706E-A9A8-4446-84C3-01F95B04AFAE}.Debug|Any CPU.Build.0 = Debug|Any CPU
		{CCA8706E-A9A8-4446-84C3-01F95B04AFAE}.Release|Any CPU.ActiveCfg = Release|Any CPU
		{CCA8706E-A9A8-4446-84C3-01F95B04AFAE}.Release|Any CPU.Build.0 = Release|Any CPU
	EndGlobalSection
	GlobalSection(SolutionProperties) = preSolution
		HideSolutionNode = FALSE
	EndGlobalSection
	GlobalSection(ExtensibilityGlobals) = postSolution
		SolutionGuid = {38EAE552-2CF0-4D3B-B69D-8E7DB26BD414}
	EndGlobalSection
EndGlobal
